# This file is automatically @generated by Cargo.
# It is not intended for manual editing.
version = 4

[[package]]
name = "anyhow"
version = "1.0.98"
source = "registry+https://github.com/rust-lang/crates.io-index"
checksum = "e16d2d3311acee920a9eb8d33b8cbc1787ce4a264e85f964c2404b969bdcd487"

[[package]]
name = "bitflags"
version = "2.9.0"
source = "registry+https://github.com/rust-lang/crates.io-index"
checksum = "5c8214115b7bf84099f1309324e63141d4c5d7cc26862f97a0a857dbefe165bd"

[[package]]
name = "ctor"
version = "0.4.2"
source = "registry+https://github.com/rust-lang/crates.io-index"
checksum = "a4735f265ba6a1188052ca32d461028a7d1125868be18e287e756019da7607b5"
dependencies = [
 "ctor-proc-macro",
 "dtor",
]

[[package]]
name = "ctor-proc-macro"
version = "0.0.5"
source = "registry+https://github.com/rust-lang/crates.io-index"
checksum = "4f211af61d8efdd104f96e57adf5e426ba1bc3ed7a4ead616e15e5881fd79c4d"

[[package]]
name = "dtor"
version = "0.0.6"
source = "registry+https://github.com/rust-lang/crates.io-index"
checksum = "97cbdf2ad6846025e8e25df05171abfb30e3ababa12ee0a0e44b9bbe570633a8"
dependencies = [
 "dtor-proc-macro",
]

[[package]]
name = "dtor-proc-macro"
version = "0.0.5"
source = "registry+https://github.com/rust-lang/crates.io-index"
checksum = "7454e41ff9012c00d53cf7f475c5e3afa3b91b7c90568495495e8d9bf47a1055"

[[package]]
name = "equivalent"
version = "1.0.2"
source = "registry+https://github.com/rust-lang/crates.io-index"
checksum = "877a4ace8713b0bcf2a4e7eec82529c029f1d0619886d18145fea96c3ffe5c0f"

[[package]]
name = "foldhash"
version = "0.1.5"
source = "registry+https://github.com/rust-lang/crates.io-index"
checksum = "d9c4f5dac5e15c24eb999c26181a6ca40b39fe946cbe4c263c7209467bc83af2"

[[package]]
name = "hashbrown"
version = "0.15.2"
source = "registry+https://github.com/rust-lang/crates.io-index"
checksum = "bf151400ff0baff5465007dd2f3e717f3fe502074ca563069ce3a6629d07b289"
dependencies = [
 "foldhash",
]

[[package]]
name = "heck"
version = "0.5.0"
source = "registry+https://github.com/rust-lang/crates.io-index"
checksum = "2304e00983f87ffb38b55b444b5e3b60a884b5d30c0fca7d82fe33449bbe55ea"

[[package]]
name = "id-arena"
version = "2.2.1"
source = "registry+https://github.com/rust-lang/crates.io-index"
checksum = "25a2bc672d1148e28034f176e01fffebb08b35768468cc954630da77a1449005"

[[package]]
name = "indexmap"
version = "2.9.0"
source = "registry+https://github.com/rust-lang/crates.io-index"
checksum = "cea70ddb795996207ad57735b50c5982d8844f38ba9ee5f1aedcfb708a2aa11e"
dependencies = [
 "equivalent",
 "hashbrown",
 "serde",
]

[[package]]
name = "itoa"
version = "1.0.15"
source = "registry+https://github.com/rust-lang/crates.io-index"
checksum = "4a5f13b858c8d314ee3e8f639011f7ccefe71f97f96e50151fb991f267928e2c"

[[package]]
name = "leb128fmt"
version = "0.1.0"
source = "registry+https://github.com/rust-lang/crates.io-index"
checksum = "09edd9e8b54e49e587e4f6295a7d29c3ea94d469cb40ab8ca70b288248a81db2"

[[package]]
name = "log"
version = "0.4.27"
source = "registry+https://github.com/rust-lang/crates.io-index"
checksum = "13dc2df351e3202783a1fe0d44375f7295ffb4049267b0f3018346dc122a1d94"

[[package]]
name = "memchr"
version = "2.7.4"
source = "registry+https://github.com/rust-lang/crates.io-index"
checksum = "78ca9ab1a0babb1e7d5695e3530886289c18cf2f87ec19a575a0abdce112e3a3"

[[package]]
name = "once_cell"
version = "1.21.3"
source = "registry+https://github.com/rust-lang/crates.io-index"
checksum = "42f5e15c9953c5e4ccceeb2e7382a716482c34515315f7b03532b8b4e8393d2d"

[[package]]
name = "prettyplease"
version = "0.2.32"
source = "registry+https://github.com/rust-lang/crates.io-index"
checksum = "664ec5419c51e34154eec046ebcba56312d5a2fc3b09a06da188e1ad21afadf6"
dependencies = [
 "proc-macro2",
 "syn",
]

[[package]]
name = "proc-macro2"
version = "1.0.94"
source = "registry+https://github.com/rust-lang/crates.io-index"
checksum = "a31971752e70b8b2686d7e46ec17fb38dad4051d94024c88df49b667caea9c84"
dependencies = [
 "unicode-ident",
]

[[package]]
name = "quote"
version = "1.0.40"
source = "registry+https://github.com/rust-lang/crates.io-index"
checksum = "1885c039570dc00dcb4ff087a89e185fd56bae234ddc7f056a945bf36467248d"
dependencies = [
 "proc-macro2",
]

[[package]]
name = "rust_app"
version = "0.1.0"
dependencies = [
 "ctor",
 "once_cell",
 "serde_json",
 "wit-bindgen",
]

[[package]]
name = "ryu"
version = "1.0.20"
source = "registry+https://github.com/rust-lang/crates.io-index"
checksum = "28d3b2b1366ec20994f1fd18c3c594f05c5dd4bc44d8bb0c1c632c8d6829481f"

[[package]]
name = "semver"
version = "1.0.26"
source = "registry+https://github.com/rust-lang/crates.io-index"
checksum = "56e6fa9c48d24d85fb3de5ad847117517440f6beceb7798af16b4a87d616b8d0"

[[package]]
name = "serde"
version = "1.0.228"
source = "registry+https://github.com/rust-lang/crates.io-index"
checksum = "9a8e94ea7f378bd32cbbd37198a4a91436180c5bb472411e48b5ec2e2124ae9e"
dependencies = [
 "serde_core",
]

[[package]]
name = "serde_core"
version = "1.0.228"
source = "registry+https://github.com/rust-lang/crates.io-index"
checksum = "41d385c7d4ca58e59fc732af25c3983b67ac852c1a25000afe1175de458b67ad"
dependencies = [
 "serde_derive",
]

[[package]]
name = "serde_derive"
version = "1.0.228"
source = "registry+https://github.com/rust-lang/crates.io-index"
checksum = "d540f220d3187173da220f885ab66608367b6574e925011a9353e4badda91d79"
dependencies = [
 "proc-macro2",
 "quote",
 "syn",
]

[[package]]
name = "serde_json"
version = "1.0.145"
source = "registry+https://github.com/rust-lang/crates.io-index"
checksum = "402a6f66d8c709116cf22f558eab210f5a50187f702eb4d7e5ef38d9a7f1c79c"
dependencies = [
 "itoa",
 "memchr",
 "ryu",
 "serde",
 "serde_core",
]

[[package]]
name = "syn"
version = "2.0.100"
source = "registry+https://github.com/rust-lang/crates.io-index"
checksum = "b09a44accad81e1ba1cd74a32461ba89dee89095ba17b32f5d03683b1b1fc2a0"
dependencies = [
 "proc-macro2",
 "quote",
 "unicode-ident",
]

[[package]]
name = "unicode-ident"
version = "1.0.18"
source = "registry+https://github.com/rust-lang/crates.io-index"
checksum = "5a5f39404a5da50712a4c1eecf25e90dd62b613502b7e925fd4e4d19b5c96512"

[[package]]
name = "unicode-xid"
version = "0.2.6"
source = "registry+https://github.com/rust-lang/crates.io-index"
checksum = "ebc1c04c71510c7f702b52b7c350734c9ff1295c464a03335b00bb84fc54f853"

[[package]]
name = "wasm-encoder"
version = "0.241.2"
source = "registry+https://github.com/rust-lang/crates.io-index"
checksum = "e01164c9dda68301e34fdae536c23ed6fe90ce6d97213ccc171eebbd3d02d6b8"
dependencies = [
 "leb128fmt",
 "wasmparser",
]

[[package]]
name = "wasm-metadata"
version = "0.241.2"
source = "registry+https://github.com/rust-lang/crates.io-index"
checksum = "876fe286f2fa416386deedebe8407e6f19e0b5aeaef3d03161e77a15fa80f167"
dependencies = [
 "anyhow",
 "indexmap",
 "wasm-encoder",
 "wasmparser",
]

[[package]]
name = "wasmparser"
version = "0.241.2"
source = "registry+https://github.com/rust-lang/crates.io-index"
checksum = "46d90019b1afd4b808c263e428de644f3003691f243387d30d673211ee0cb8e8"
dependencies = [
 "bitflags",
 "hashbrown",
 "indexmap",
 "semver",
]

[[package]]
name = "wit-bindgen"
version = "0.48.1"
source = "registry+https://github.com/rust-lang/crates.io-index"
checksum = "7f8c2adb5f74ac9395bc3121c99a1254bf9310482c27b13f97167aedb5887138"
dependencies = [
 "bitflags",
 "wit-bindgen-rust-macro",
]

[[package]]
name = "wit-bindgen-core"
version = "0.48.1"
source = "registry+https://github.com/rust-lang/crates.io-index"
checksum = "9b881a098cae03686d7a0587f8f306f8a58102ad8da8b5599100fbe0e7f5800b"
dependencies = [
 "anyhow",
 "heck",
 "wit-parser",
]

[[package]]
name = "wit-bindgen-rust"
version = "0.48.1"
source = "registry+https://github.com/rust-lang/crates.io-index"
checksum = "69667efa439a453e1d50dac939c6cab6d2c3ac724a9d232b6631dad2472a5b70"
dependencies = [
 "anyhow",
 "heck",
 "indexmap",
 "prettyplease",
 "syn",
 "wasm-metadata",
 "wit-bindgen-core",
 "wit-component",
]

[[package]]
name = "wit-bindgen-rust-macro"
version = "0.48.1"
source = "registry+https://github.com/rust-lang/crates.io-index"
checksum = "eae2e22cceb5d105d52326c07e3e67603a861cc7add70fc467f7cc7ec5265017"
dependencies = [
 "anyhow",
 "prettyplease",
 "proc-macro2",
 "quote",
 "syn",
 "wit-bindgen-core",
 "wit-bindgen-rust",
]

[[package]]
name = "wit-component"
version = "0.241.2"
source = "registry+https://github.com/rust-lang/crates.io-index"
checksum = "1fd0c57df25e7ee612d946d3b7646c1ddb2310f8280aa2c17e543b66e0812241"
dependencies = [
 "anyhow",
 "bitflags",
 "indexmap",
 "log",
 "serde",
 "serde_derive",
 "serde_json",
 "wasm-encoder",
 "wasm-metadata",
 "wasmparser",
 "wit-parser",
]

[[package]]
name = "wit-parser"
version = "0.241.2"
source = "registry+https://github.com/rust-lang/crates.io-index"
checksum = "09ef1c6ad67f35c831abd4039c02894de97034100899614d1c44e2268ad01c91"
dependencies = [
 "anyhow",
 "id-arena",
 "indexmap",
 "log",
 "semver",
 "serde",
 "serde_derive",
 "serde_json",
 "unicode-xid",
 "wasmparser",
]
